
Microsoft Visual Studio Solution File, Format Version 12.00
# Visual Studio Version 16
VisualStudioVersion = 16.0.31729.503
MinimumVisualStudioVersion = 10.0.40219.1
Project("{FAE04EC0-301F-11D3-BF4B-00C04F79EFBC}") = "AddressBookMVC", "AddressBookMVC\AddressBookMVC.csproj", "{68F357F0-5C44-4612-A768-0CD279A5177F}"
EndProject
Global
	GlobalSection(SolutionConfigurationPlatforms) = preSolution
		Debug|Any CPU = Debug|Any CPU
		Release|Any CPU = Release|Any CPU
	EndGlobalSection
	GlobalSection(ProjectConfigurationPlatforms) = postSolution
		{68F357F0-5C44-4612-A768-0CD279A5177F}.Debug|Any CPU.ActiveCfg = Debug|Any CPU
		{68F357F0-5C44-4612-A768-0CD279A5177F}.Debug|Any CPU.Build.0 = Debug|Any CPU
		{68F357F0-5C44-4612-A768-0CD279A5177F}.Release|Any CPU.ActiveCfg = Release|Any CPU
		{68F357F0-5C44-4612-A768-0CD279A5177F}.Release|Any CPU.Build.0 = Release|Any CPU
	EndGlobalSection
	GlobalSection(SolutionProperties) = preSolution
		HideSolutionNode = FALSE
	EndGlobalSection
	GlobalSection(ExtensibilityGlobals) = postSolution
		SolutionGuid = {E136633E-D190-4165-A1FE-D0369F060EC7}
	EndGlobalSection
EndGlobal
